
Microsoft Visual Studio Solution File, Format Version 12.00
# Visual Studio Version 17
VisualStudioVersion = 17.5.33424.131
MinimumVisualStudioVersion = 10.0.40219.1
Project("{FAE04EC0-301F-11D3-BF4B-00C04F79EFBC}") = "CheatCodes.ExpTree", "CheatCodes.ExpTree\CheatCodes.ExpTree.csproj", "{52554062-0987-491E-931E-6FD2420A0E8D}"
EndProject
Global
	GlobalSection(SolutionConfigurationPlatforms) = preSolution
		Debug|Any CPU = Debug|Any CPU
		Release|Any CPU = Release|Any CPU
	EndGlobalSection
	GlobalSection(ProjectConfigurationPlatforms) = postSolution
		{52554062-0987-491E-931E-6FD2420A0E8D}.Debug|Any CPU.ActiveCfg = Debug|Any CPU
		{52554062-0987-491E-931E-6FD2420A0E8D}.Debug|Any CPU.Build.0 = Debug|Any CPU
		{52554062-0987-491E-931E-6FD2420A0E8D}.Release|Any CPU.ActiveCfg = Release|Any CPU
		{52554062-0987-491E-931E-6FD2420A0E8D}.Release|Any CPU.Build.0 = Release|Any CPU
	EndGlobalSection
	GlobalSection(SolutionProperties) = preSolution
		HideSolutionNode = FALSE
	EndGlobalSection
	GlobalSection(ExtensibilityGlobals) = postSolution
		SolutionGuid = {5413320C-E21E-4857-82AC-9305F46E4402}
	EndGlobalSection
EndGlobal
